
Microsoft Visual Studio Solution File, Format Version 11.00
# Visual Studio 2010
Project("{54435603-DBB4-11D2-8724-00A0C9A8B90C}") = "Uçuş Kayıt Defteri", "Uçuş Kayıt Defteri\Uçuş Kayıt Defteri.vdproj", "{5BD3E0A5-3ED0-40EB-8963-092DF9988257}"
EndProject
Project("{FAE04EC0-301F-11D3-BF4B-00C04F79EFBC}") = "Uçuş Kayıt", "..\Uçuş Kayıt\Uçuş Kayıt.csproj", "{A983580C-9469-49F0-AE44-6742F1848EC6}"
EndProject
Global
	GlobalSection(SolutionConfigurationPlatforms) = preSolution
		Debug|Any CPU = Debug|Any CPU
		Release|Any CPU = Release|Any CPU
	EndGlobalSection
	GlobalSection(ProjectConfigurationPlatforms) = postSolution
		{5BD3E0A5-3ED0-40EB-8963-092DF9988257}.Debug|Any CPU.ActiveCfg = Debug
		{5BD3E0A5-3ED0-40EB-8963-092DF9988257}.Debug|Any CPU.Build.0 = Debug
		{5BD3E0A5-3ED0-40EB-8963-092DF9988257}.Release|Any CPU.ActiveCfg = Release
		{5BD3E0A5-3ED0-40EB-8963-092DF9988257}.Release|Any CPU.Build.0 = Release
		{A983580C-9469-49F0-AE44-6742F1848EC6}.Debug|Any CPU.ActiveCfg = Debug|Any CPU
		{A983580C-9469-49F0-AE44-6742F1848EC6}.Debug|Any CPU.Build.0 = Debug|Any CPU
		{A983580C-9469-49F0-AE44-6742F1848EC6}.Release|Any CPU.ActiveCfg = Release|Any CPU
		{A983580C-9469-49F0-AE44-6742F1848EC6}.Release|Any CPU.Build.0 = Release|Any CPU
	EndGlobalSection
	GlobalSection(SolutionProperties) = preSolution
		HideSolutionNode = FALSE
	EndGlobalSection
EndGlobal
